
Microsoft Visual Studio Solution File, Format Version 12.00
# Visual Studio 2012
Project("{FAE04EC0-301F-11D3-BF4B-00C04F79EFBC}") = "TimeWaster", "TimeWaster\TimeWaster.csproj", "{3D06BFFE-802C-4DC4-A19C-73C2C9CA9602}"
EndProject
Global
	GlobalSection(SolutionConfigurationPlatforms) = preSolution
		Debug|Any CPU = Debug|Any CPU
		Release|Any CPU = Release|Any CPU
	EndGlobalSection
	GlobalSection(ProjectConfigurationPlatforms) = postSolution
		{3D06BFFE-802C-4DC4-A19C-73C2C9CA9602}.Debug|Any CPU.ActiveCfg = Debug|Any CPU
		{3D06BFFE-802C-4DC4-A19C-73C2C9CA9602}.Debug|Any CPU.Build.0 = Debug|Any CPU
		{3D06BFFE-802C-4DC4-A19C-73C2C9CA9602}.Release|Any CPU.ActiveCfg = Release|Any CPU
		{3D06BFFE-802C-4DC4-A19C-73C2C9CA9602}.Release|Any CPU.Build.0 = Release|Any CPU
	EndGlobalSection
	GlobalSection(SolutionProperties) = preSolution
		HideSolutionNode = FALSE
	EndGlobalSection
EndGlobal
